// !$*UTF8*$!
{
	archiveVersion = 1;
	classes = {
	};
	objectVersion = 50;
	objects = {

/* Begin PBXBuildFile section */
		CDB318D924EC2038006B43EB /* AppDelegate.swift in Sources */ = {isa = PBXBuildFile; fileRef = CDB318D824EC2038006B43EB /* AppDelegate.swift */; };
		CDB318DB24EC2038006B43EB /* SceneDelegate.swift in Sources */ = {isa = PBXBuildFile; fileRef = CDB318DA24EC2038006B43EB /* SceneDelegate.swift */; };
		CDB318E024EC2038006B43EB /* Main.storyboard in Resources */ = {isa = PBXBuildFile; fileRef = CDB318DE24EC2038006B43EB /* Main.storyboard */; };
		CDB318E524EC2038006B43EB /* Assets.xcassets in Resources */ = {isa = PBXBuildFile; fileRef = CDB318E424EC2038006B43EB /* Assets.xcassets */; };
		CDB318E824EC2038006B43EB /* LaunchScreen.storyboard in Resources */ = {isa = PBXBuildFile; fileRef = CDB318E624EC2038006B43EB /* LaunchScreen.storyboard */; };
		CDB318F024EC20AE006B43EB /* SearchViewController.swift in Sources */ = {isa = PBXBuildFile; fileRef = CDB318EF24EC20AE006B43EB /* SearchViewController.swift */; };
		CDB318F524EC264B006B43EB /* MovieTableViewCell.swift in Sources */ = {isa = PBXBuildFile; fileRef = CDB318F424EC264B006B43EB /* MovieTableViewCell.swift */; };
		CDB318FB24EC3563006B43EB /* MovieManager.swift in Sources */ = {isa = PBXBuildFile; fileRef = CDB318FA24EC3563006B43EB /* MovieManager.swift */; };
		CDB318FD24ED9C7A006B43EB /* RecentSearchesTableCell.swift in Sources */ = {isa = PBXBuildFile; fileRef = CDB318FC24ED9C7A006B43EB /* RecentSearchesTableCell.swift */; };
		CDB3190524EEA19E006B43EB /* MovieApp.xcdatamodeld in Sources */ = {isa = PBXBuildFile; fileRef = CDB3190324EEA19E006B43EB /* MovieApp.xcdatamodeld */; };
/* End PBXBuildFile section */

/* Begin PBXFileReference section */
		CDB318D524EC2038006B43EB /* MovieApp.app */ = {isa = PBXFileReference; explicitFileType = wrapper.application; includeInIndex = 0; path = MovieApp.app; sourceTree = BUILT_PRODUCTS_DIR; };
		CDB318D824EC2038006B43EB /* AppDelegate.swift */ = {isa = PBXFileReference; lastKnownFileType = sourcecode.swift; path = AppDelegate.swift; sourceTree = "<group>"; };
		CDB318DA24EC2038006B43EB /* SceneDelegate.swift */ = {isa = PBXFileReference; lastKnownFileType = sourcecode.swift; path = SceneDelegate.swift; sourceTree = "<group>"; };
		CDB318DF24EC2038006B43EB /* Base */ = {isa = PBXFileReference; lastKnownFileType = file.storyboard; name = Base; path = Base.lproj/Main.storyboard; sourceTree = "<group>"; };
		CDB318E424EC2038006B43EB /* Assets.xcassets */ = {isa = PBXFileReference; lastKnownFileType = folder.assetcatalog; path = Assets.xcassets; sourceTree = "<group>"; };
		CDB318E724EC2038006B43EB /* Base */ = {isa = PBXFileReference; lastKnownFileType = file.storyboard; name = Base; path = Base.lproj/LaunchScreen.storyboard; sourceTree = "<group>"; };
		CDB318E924EC2038006B43EB /* Info.plist */ = {isa = PBXFileReference; lastKnownFileType = text.plist.xml; path = Info.plist; sourceTree = "<group>"; };
		CDB318EF24EC20AE006B43EB /* SearchViewController.swift */ = {isa = PBXFileReference; fileEncoding = 4; lastKnownFileType = sourcecode.swift; path = SearchViewController.swift; sourceTree = "<group>"; };
		CDB318F424EC264B006B43EB /* MovieTableViewCell.swift */ = {isa = PBXFileReference; lastKnownFileType = sourcecode.swift; path = MovieTableViewCell.swift; sourceTree = "<group>"; };
		CDB318FA24EC3563006B43EB /* MovieManager.swift */ = {isa = PBXFileReference; fileEncoding = 4; lastKnownFileType = sourcecode.swift; path = MovieManager.swift; sourceTree = "<group>"; };
		CDB318FC24ED9C7A006B43EB /* RecentSearchesTableCell.swift */ = {isa = PBXFileReference; lastKnownFileType = sourcecode.swift; path = RecentSearchesTableCell.swift; sourceTree = "<group>"; };
		CDB3190424EEA19E006B43EB /* MovieApp.xcdatamodel */ = {isa = PBXFileReference; lastKnownFileType = wrapper.xcdatamodel; path = MovieApp.xcdatamodel; sourceTree = "<group>"; };
/* End PBXFileReference section */

/* Begin PBXFrameworksBuildPhase section */
		CDB318D224EC2038006B43EB /* Frameworks */ = {
			isa = PBXFrameworksBuildPhase;
			buildActionMask = 2147483647;
			files = (
			);
			runOnlyForDeploymentPostprocessing = 0;
		};
/* End PBXFrameworksBuildPhase section */

/* Begin PBXGroup section */
		CDB318CC24EC2038006B43EB = {
			isa = PBXGroup;
			children = (
				CDB318D724EC2038006B43EB /* MovieApp */,
				CDB318D624EC2038006B43EB /* Products */,
			);
			sourceTree = "<group>";
		};
		CDB318D624EC2038006B43EB /* Products */ = {
			isa = PBXGroup;
			children = (
				CDB318D524EC2038006B43EB /* MovieApp.app */,
			);
			name = Products;
			sourceTree = "<group>";
		};
		CDB318D724EC2038006B43EB /* MovieApp */ = {
			isa = PBXGroup;
			children = (
				CDB318D824EC2038006B43EB /* AppDelegate.swift */,
				CDB318DA24EC2038006B43EB /* SceneDelegate.swift */,
				CDB318F224EC20CA006B43EB /* Controllers */,
				CDB318E424EC2038006B43EB /* Assets.xcassets */,
				CDB318F124EC20BF006B43EB /* Views */,
				CDB318E924EC2038006B43EB /* Info.plist */,
				CDB318F324EC20D0006B43EB /* Data */,
			);
			path = MovieApp;
			sourceTree = "<group>";
		};
		CDB318F124EC20BF006B43EB /* Views */ = {
			isa = PBXGroup;
			children = (
				CDB318DE24EC2038006B43EB /* Main.storyboard */,
				CDB318F424EC264B006B43EB /* MovieTableViewCell.swift */,
				CDB318FC24ED9C7A006B43EB /* RecentSearchesTableCell.swift */,
				CDB318E624EC2038006B43EB /* LaunchScreen.storyboard */,
			);
			path = Views;
			sourceTree = "<group>";
		};
		CDB318F224EC20CA006B43EB /* Controllers */ = {
			isa = PBXGroup;
			children = (
				CDB318EF24EC20AE006B43EB /* SearchViewController.swift */,
				CDB318FA24EC3563006B43EB /* MovieManager.swift */,
			);
			path = Controllers;
			sourceTree = "<group>";
		};
		CDB318F324EC20D0006B43EB /* Data */ = {
			isa = PBXGroup;
			children = (
				CDB3190324EEA19E006B43EB /* MovieApp.xcdatamodeld */,
			);
			path = Data;
			sourceTree = "<group>";
		};
/* End PBXGroup section */

/* Begin PBXNativeTarget section */
		CDB318D424EC2038006B43EB /* MovieApp */ = {
			isa = PBXNativeTarget;
			buildConfigurationList = CDB318EC24EC2038006B43EB /* Build configuration list for PBXNativeTarget "MovieApp" */;
			buildPhases = (
				CDB318D124EC2038006B43EB /* Sources */,
				CDB318D224EC2038006B43EB /* Frameworks */,
				CDB318D324EC2038006B43EB /* Resources */,
			);
			buildRules = (
			);
			dependencies = (
			);
			name = MovieApp;
			productName = MovieApp;
			productReference = CDB318D524EC2038006B43EB /* MovieApp.app */;
			productType = "com.apple.product-type.application";
		};
/* End PBXNativeTarget section */

/* Begin PBXProject section */
		CDB318CD24EC2038006B43EB /* Project object */ = {
			isa = PBXProject;
			attributes = {
				LastSwiftUpdateCheck = 1160;
				LastUpgradeCheck = 1160;
				ORGANIZATIONNAME = "Virgin Pulse";
				TargetAttributes = {
					CDB318D424EC2038006B43EB = {
						CreatedOnToolsVersion = 11.6;
					};
				};
			};
			buildConfigurationList = CDB318D024EC2038006B43EB /* Build configuration list for PBXProject "MovieApp" */;
			compatibilityVersion = "Xcode 9.3";
			developmentRegion = en;
			hasScannedForEncodings = 0;
			knownRegions = (
				en,
				Base,
			);
			mainGroup = CDB318CC24EC2038006B43EB;
			productRefGroup = CDB318D624EC2038006B43EB /* Products */;
			projectDirPath = "";
			projectRoot = "";
			targets = (
				CDB318D424EC2038006B43EB /* MovieApp */,
			);
		};
/* End PBXProject section */

/* Begin PBXResourcesBuildPhase section */
		CDB318D324EC2038006B43EB /* Resources */ = {
			isa = PBXResourcesBuildPhase;
			buildActionMask = 2147483647;
			files = (
				CDB318E824EC2038006B43EB /* LaunchScreen.storyboard in Resources */,
				CDB318E524EC2038006B43EB /* Assets.xcassets in Resources */,
				CDB318E024EC2038006B43EB /* Main.storyboard in Resources */,
			);
			runOnlyForDeploymentPostprocessing = 0;
		};
/* End PBXResourcesBuildPhase section */

/* Begin PBXSourcesBuildPhase section */
		CDB318D124EC2038006B43EB /* Sources */ = {
			isa = PBXSourcesBuildPhase;
			buildActionMask = 2147483647;
			files = (
				CDB318FD24ED9C7A006B43EB /* RecentSearchesTableCell.swift in Sources */,
				CDB318F524EC264B006B43EB /* MovieTableViewCell.swift in Sources */,
				CDB318D924EC2038006B43EB /* AppDelegate.swift in Sources */,
				CDB318FB24EC3563006B43EB /* MovieManager.swift in Sources */,
				CDB3190524EEA19E006B43EB /* MovieApp.xcdatamodeld in Sources */,
				CDB318F024EC20AE006B43EB /* SearchViewController.swift in Sources */,
				CDB318DB24EC2038006B43EB /* SceneDelegate.swift in Sources */,
			);
			runOnlyForDeploymentPostprocessing = 0;
		};
/* End PBXSourcesBuildPhase section */

/* Begin PBXVariantGroup section */
		CDB318DE24EC2038006B43EB /* Main.storyboard */ = {
			isa = PBXVariantGroup;
			children = (
				CDB318DF24EC2038006B43EB /* Base */,
			);
			name = Main.storyboard;
			sourceTree = "<group>";
		};
		CDB318E624EC2038006B43EB /* LaunchScreen.storyboard */ = {
			isa = PBXVariantGroup;
			children = (
				CDB318E724EC2038006B43EB /* Base */,
			);
			name = LaunchScreen.storyboard;
			sourceTree = "<group>";
		};
/* End PBXVariantGroup section */

/* Begin XCBuildConfiguration section */
		CDB318EA24EC2038006B43EB /* Debug */ = {
			isa = XCBuildConfiguration;
			buildSettings = {
				ALWAYS_SEARCH_USER_PATHS = NO;
				CLANG_ANALYZER_NONNULL = YES;
				CLANG_ANALYZER_NUMBER_OBJECT_CONVERSION = YES_AGGRESSIVE;
				CLANG_CXX_LANGUAGE_STANDARD = "gnu++14";
				CLANG_CXX_LIBRARY = "libc++";
				CLANG_ENABLE_MODULES = YES;
				CLANG_ENABLE_OBJC_ARC = YES;
				CLANG_ENABLE_OBJC_WEAK = YES;
				CLANG_WARN_BLOCK_CAPTURE_AUTORELEASING = YES;
				CLANG_WARN_BOOL_CONVERSION = YES;
				CLANG_WARN_COMMA = YES;
				CLANG_WARN_CONSTANT_CONVERSION = YES;
				CLANG_WARN_DEPRECATED_OBJC_IMPLEMENTATIONS = YES;
				CLANG_WARN_DIRECT_OBJC_ISA_USAGE = YES_ERROR;
				CLANG_WARN_DOCUMENTATION_COMMENTS = YES;
				CLANG_WARN_EMPTY_BODY = YES;
				CLANG_WARN_ENUM_CONVERSION = YES;
				CLANG_WARN_INFINITE_RECURSION = YES;
				CLANG_WARN_INT_CONVERSION = YES;
				CLANG_WARN_NON_LITERAL_NULL_CONVERSION = YES;
				CLANG_WARN_OBJC_IMPLICIT_RETAIN_SELF = YES;
				CLANG_WARN_OBJC_LITERAL_CONVERSION = YES;
				CLANG_WARN_OBJC_ROOT_CLASS = YES_ERROR;
				CLANG_WARN_RANGE_LOOP_ANALYSIS = YES;
				CLANG_WARN_STRICT_PROTOTYPES = YES;
				CLANG_WARN_SUSPICIOUS_MOVE = YES;
				CLANG_WARN_UNGUARDED_AVAILABILITY = YES_AGGRESSIVE;
				CLANG_WARN_UNREACHABLE_CODE = YES;
				CLANG_WARN__DUPLICATE_METHOD_MATCH = YES;
				COPY_PHASE_STRIP = NO;
				DEBUG_INFORMATION_FORMAT = dwarf;
				ENABLE_STRICT_OBJC_MSGSEND = YES;
				ENABLE_TESTABILITY = YES;
				GCC_C_LANGUAGE_STANDARD = gnu11;
				GCC_DYNAMIC_NO_PIC = NO;
				GCC_NO_COMMON_BLOCKS = YES;
				GCC_OPTIMIZATION_LEVEL = 0;
				GCC_PREPROCESSOR_DEFINITIONS = (
					"DEBUG=1",
					"$(inherited)",
				);
				GCC_WARN_64_TO_32_BIT_CONVERSION = YES;
				GCC_WARN_ABOUT_RETURN_TYPE = YES_ERROR;
				GCC_WARN_UNDECLARED_SELECTOR = YES;
				GCC_WARN_UNINITIALIZED_AUTOS = YES_AGGRESSIVE;
				GCC_WARN_UNUSED_FUNCTION = YES;
				GCC_WARN_UNUSED_VARIABLE = YES;
				IPHONEOS_DEPLOYMENT_TARGET = 13.6;
				MTL_ENABLE_DEBUG_INFO = INCLUDE_SOURCE;
				MTL_FAST_MATH = YES;
				ONLY_ACTIVE_ARCH = YES;
				SDKROOT = iphoneos;
				SWIFT_ACTIVE_COMPILATION_CONDITIONS = DEBUG;
				SWIFT_OPTIMIZATION_LEVEL = "-Onone";
			};
			name = Debug;
		};
		CDB318EB24EC2038006B43EB /* Release */ = {
			isa = XCBuildConfiguration;
			buildSettings = {
				ALWAYS_SEARCH_USER_PATHS = NO;
				CLANG_ANALYZER_NONNULL = YES;
				CLANG_ANALYZER_NUMBER_OBJECT_CONVERSION = YES_AGGRESSIVE;
				CLANG_CXX_LANGUAGE_STANDARD = "gnu++14";
				CLANG_CXX_LIBRARY = "libc++";
				CLANG_ENABLE_MODULES = YES;
				CLANG_ENABLE_OBJC_ARC = YES;
				CLANG_ENABLE_OBJC_WEAK = YES;
				CLANG_WARN_BLOCK_CAPTURE_AUTORELEASING = YES;
				CLANG_WARN_BOOL_CONVERSION = YES;
				CLANG_WARN_COMMA = YES;
				CLANG_WARN_CONSTANT_CONVERSION = YES;
				CLANG_WARN_DEPRECATED_OBJC_IMPLEMENTATIONS = YES;
				CLANG_WARN_DIRECT_OBJC_ISA_USAGE = YES_ERROR;
				CLANG_WARN_DOCUMENTATION_COMMENTS = YES;
				CLANG_WARN_EMPTY_BODY = YES;
				CLANG_WARN_ENUM_CONVERSION = YES;
				CLANG_WARN_INFINITE_RECURSION = YES;
				CLANG_WARN_INT_CONVERSION = YES;
				CLANG_WARN_NON_LITERAL_NULL_CONVERSION = YES;
				CLANG_WARN_OBJC_IMPLICIT_RETAIN_SELF = YES;
				CLANG_WARN_OBJC_LITERAL_CONVERSION = YES;
				CLANG_WARN_OBJC_ROOT_CLASS = YES_ERROR;
				CLANG_WARN_RANGE_LOOP_ANALYSIS = YES;
				CLANG_WARN_STRICT_PROTOTYPES = YES;
				CLANG_WARN_SUSPICIOUS_MOVE = YES;
				CLANG_WARN_UNGUARDED_AVAILABILITY = YES_AGGRESSIVE;
				CLANG_WARN_UNREACHABLE_CODE = YES;
				CLANG_WARN__DUPLICATE_METHOD_MATCH = YES;
				COPY_PHASE_STRIP = NO;
				DEBUG_INFORMATION_FORMAT = "dwarf-with-dsym";
				ENABLE_NS_ASSERTIONS = NO;
				ENABLE_STRICT_OBJC_MSGSEND = YES;
				GCC_C_LANGUAGE_STANDARD = gnu11;
				GCC_NO_COMMON_BLOCKS = YES;
				GCC_WARN_64_TO_32_BIT_CONVERSION = YES;
				GCC_WARN_ABOUT_RETURN_TYPE = YES_ERROR;
				GCC_WARN_UNDECLARED_SELECTOR = YES;
				GCC_WARN_UNINITIALIZED_AUTOS = YES_AGGRESSIVE;
				GCC_WARN_UNUSED_FUNCTION = YES;
				GCC_WARN_UNUSED_VARIABLE = YES;
				IPHONEOS_DEPLOYMENT_TARGET = 13.6;
				MTL_ENABLE_DEBUG_INFO = NO;
				MTL_FAST_MATH = YES;
				SDKROOT = iphoneos;
				SWIFT_COMPILATION_MODE = wholemodule;
				SWIFT_OPTIMIZATION_LEVEL = "-O";
				VALIDATE_PRODUCT = YES;
			};
			name = Release;
		};
		CDB318ED24EC2038006B43EB /* Debug */ = {
			isa = XCBuildConfiguration;
			buildSettings = {
				ASSETCATALOG_COMPILER_APPICON_NAME = AppIcon;
				CODE_SIGN_STYLE = Automatic;
				INFOPLIST_FILE = MovieApp/Info.plist;
				IPHONEOS_DEPLOYMENT_TARGET = 12.0;
				LD_RUNPATH_SEARCH_PATHS = (
					"$(inherited)",
					"@executable_path/Frameworks",
				);
				PRODUCT_BUNDLE_IDENTIFIER = com.VirginPulse.MovieApp;
				PRODUCT_NAME = "$(TARGET_NAME)";
				SWIFT_VERSION = 5.0;
				TARGETED_DEVICE_FAMILY = "1,2";
			};
			name = Debug;
		};
		CDB318EE24EC2038006B43EB /* Release */ = {
			isa = XCBuildConfiguration;
			buildSettings = {
				ASSETCATALOG_COMPILER_APPICON_NAME = AppIcon;
				CODE_SIGN_STYLE = Automatic;
				INFOPLIST_FILE = MovieApp/Info.plist;
				IPHONEOS_DEPLOYMENT_TARGET = 12.0;
				LD_RUNPATH_SEARCH_PATHS = (
					"$(inherited)",
					"@executable_path/Frameworks",
				);
				PRODUCT_BUNDLE_IDENTIFIER = com.VirginPulse.MovieApp;
				PRODUCT_NAME = "$(TARGET_NAME)";
				SWIFT_VERSION = 5.0;
				TARGETED_DEVICE_FAMILY = "1,2";
			};
			name = Release;
		};
/* End XCBuildConfiguration section */

/* Begin XCConfigurationList section */
		CDB318D024EC2038006B43EB /* Build configuration list for PBXProject "MovieApp" */ = {
			isa = XCConfigurationList;
			buildConfigurations = (
				CDB318EA24EC2038006B43EB /* Debug */,
				CDB318EB24EC2038006B43EB /* Release */,
			);
			defaultConfigurationIsVisible = 0;
			defaultConfigurationName = Release;
		};
		CDB318EC24EC2038006B43EB /* Build configuration list for PBXNativeTarget "MovieApp" */ = {
			isa = XCConfigurationList;
			buildConfigurations = (
				CDB318ED24EC2038006B43EB /* Debug */,
				CDB318EE24EC2038006B43EB /* Release */,
			);
			defaultConfigurationIsVisible = 0;
			defaultConfigurationName = Release;
		};
/* End XCConfigurationList section */

/* Begin XCVersionGroup section */
		CDB3190324EEA19E006B43EB /* MovieApp.xcdatamodeld */ = {
			isa = XCVersionGroup;
			children = (
				CDB3190424EEA19E006B43EB /* MovieApp.xcdatamodel */,
			);
			currentVersion = CDB3190424EEA19E006B43EB /* MovieApp.xcdatamodel */;
			path = MovieApp.xcdatamodeld;
			sourceTree = "<group>";
			versionGroupType = wrapper.xcdatamodel;
		};
/* End XCVersionGroup section */
	};
	rootObject = CDB318CD24EC2038006B43EB /* Project object */;
}
